{
  "name": "moderngpu",
  "version": "1.0.2",
  "lockfileVersion": 3,
  "requires": true,
  "packages": {
    "": {
      "name": "moderngpu",
      "version": "1.0.2",
      "license": "ISC",
      "dependencies": {
        "@feng3d/wgsl_reflect": "^0.0.2"
      }
    },
    "node_modules/@feng3d/wgsl_reflect": {
      "version": "0.0.2",
      "resolved": "https://registry.npmjs.org/@feng3d/wgsl_reflect/-/wgsl_reflect-0.0.2.tgz",
      "integrity": "sha512-61TgsRWtKruw8NkKY0vebTrtneQyNEm+vjXC5I901Xxnb8dE1+giKR78TMNjQ+R+UgXPxTK6vS3hkqgZPQt1QA=="
    }
  }
}
